// !$*UTF8*$!
{
	archiveVersion = 1;
	classes = {
	};
	objectVersion = 77;
	objects = {

/* Begin PBXBuildFile section */
		CF8709E31E9797D3ED715DD5 /* Pods_AnwalPaySDKNativeiOSExample.framework in Frameworks */ = {isa = PBXBuildFile; fileRef = 0BFA14B85D00D9B26BE46299 /* Pods_AnwalPaySDKNativeiOSExample.framework */; };
		F12791482D57A71A0073F075 /* amwalsdk.framework in Frameworks */ = {isa = PBXBuildFile; fileRef = F12791402D57A71A0073F075 /* amwalsdk.framework */; };
		F12791492D57A71A0073F075 /* amwalsdk.framework in Embed Frameworks */ = {isa = PBXBuildFile; fileRef = F12791402D57A71A0073F075 /* amwalsdk.framework */; settings = {ATTRIBUTES = (CodeSignOnCopy, RemoveHeadersOnCopy, ); }; };
/* End PBXBuildFile section */

/* Begin PBXContainerItemProxy section */
		F12791462D57A71A0073F075 /* PBXContainerItemProxy */ = {
			isa = PBXContainerItemProxy;
			containerPortal = F12CE4D32D555FAF00B5425E /* Project object */;
			proxyType = 1;
			remoteGlobalIDString = F127913F2D57A71A0073F075;
			remoteInfo = amwalsdk;
		};
/* End PBXContainerItemProxy section */

/* Begin PBXCopyFilesBuildPhase section */
		C54BF1EC2D78FDFD002D6192 /* Embed Frameworks */ = {
			isa = PBXCopyFilesBuildPhase;
			buildActionMask = 2147483647;
			dstPath = "";
			dstSubfolderSpec = 10;
			files = (
			);
			name = "Embed Frameworks";
			runOnlyForDeploymentPostprocessing = 0;
		};
		F127914E2D57A71A0073F075 /* Embed Frameworks */ = {
			isa = PBXCopyFilesBuildPhase;
			buildActionMask = 2147483647;
			dstPath = "";
			dstSubfolderSpec = 10;
			files = (
				F12791492D57A71A0073F075 /* amwalsdk.framework in Embed Frameworks */,
			);
			name = "Embed Frameworks";
			runOnlyForDeploymentPostprocessing = 0;
		};
/* End PBXCopyFilesBuildPhase section */

/* Begin PBXFileReference section */
		0BFA14B85D00D9B26BE46299 /* Pods_AnwalPaySDKNativeiOSExample.framework */ = {isa = PBXFileReference; explicitFileType = wrapper.framework; includeInIndex = 0; path = Pods_AnwalPaySDKNativeiOSExample.framework; sourceTree = BUILT_PRODUCTS_DIR; };
		664444FDCDE4391D5A4C72E5 /* Pods-AnwalPaySDKNativeiOSExample.debug.xcconfig */ = {isa = PBXFileReference; includeInIndex = 1; lastKnownFileType = text.xcconfig; name = "Pods-AnwalPaySDKNativeiOSExample.debug.xcconfig"; path = "Target Support Files/Pods-AnwalPaySDKNativeiOSExample/Pods-AnwalPaySDKNativeiOSExample.debug.xcconfig"; sourceTree = "<group>"; };
		8175CB7A4089411CA20B2514 /* Pods-AnwalPaySDKNativeiOSExample.release.xcconfig */ = {isa = PBXFileReference; includeInIndex = 1; lastKnownFileType = text.xcconfig; name = "Pods-AnwalPaySDKNativeiOSExample.release.xcconfig"; path = "Target Support Files/Pods-AnwalPaySDKNativeiOSExample/Pods-AnwalPaySDKNativeiOSExample.release.xcconfig"; sourceTree = "<group>"; };
		F12791402D57A71A0073F075 /* amwalsdk.framework */ = {isa = PBXFileReference; explicitFileType = wrapper.framework; includeInIndex = 0; path = amwalsdk.framework; sourceTree = BUILT_PRODUCTS_DIR; };
		F12CE4DB2D555FAF00B5425E /* AnwalPaySDKNativeiOSExample.app */ = {isa = PBXFileReference; explicitFileType = wrapper.application; includeInIndex = 0; path = AnwalPaySDKNativeiOSExample.app; sourceTree = BUILT_PRODUCTS_DIR; };
/* End PBXFileReference section */

/* Begin PBXFileSystemSynchronizedGroupBuildPhaseMembershipExceptionSet section */
		C54BF1ED2D78FDFD002D6192 /* Exceptions for "amwalsdk" folder in "Embed Frameworks" phase from "amwalsdk" target */ = {
			isa = PBXFileSystemSynchronizedGroupBuildPhaseMembershipExceptionSet;
			attributesByRelativePath = {
				Flutter/App.xcframework = (CodeSignOnCopy, RemoveHeadersOnCopy, );
				Flutter/FBLPromises.xcframework = (CodeSignOnCopy, RemoveHeadersOnCopy, );
				Flutter/FirebaseCore.xcframework = (CodeSignOnCopy, RemoveHeadersOnCopy, );
				Flutter/FirebaseCoreExtension.xcframework = (CodeSignOnCopy, RemoveHeadersOnCopy, );
				Flutter/FirebaseCoreInternal.xcframework = (CodeSignOnCopy, RemoveHeadersOnCopy, );
				Flutter/FirebaseCrashlytics.xcframework = (CodeSignOnCopy, RemoveHeadersOnCopy, );
				Flutter/FirebaseInstallations.xcframework = (CodeSignOnCopy, RemoveHeadersOnCopy, );
				Flutter/FirebaseRemoteConfigInterop.xcframework = (CodeSignOnCopy, RemoveHeadersOnCopy, );
				Flutter/FirebaseSessions.xcframework = (CodeSignOnCopy, RemoveHeadersOnCopy, );
				Flutter/Flutter.xcframework = (CodeSignOnCopy, RemoveHeadersOnCopy, );
				Flutter/FlutterPluginRegistrant.xcframework = (CodeSignOnCopy, RemoveHeadersOnCopy, );
				Flutter/GoogleDataTransport.xcframework = (CodeSignOnCopy, RemoveHeadersOnCopy, );
				Flutter/GoogleUtilities.xcframework = (CodeSignOnCopy, RemoveHeadersOnCopy, );
				Flutter/Promises.xcframework = (CodeSignOnCopy, RemoveHeadersOnCopy, );
				Flutter/firebase_core.xcframework = (CodeSignOnCopy, RemoveHeadersOnCopy, );
				Flutter/firebase_crashlytics.xcframework = (CodeSignOnCopy, RemoveHeadersOnCopy, );
				Flutter/nanopb.xcframework = (CodeSignOnCopy, RemoveHeadersOnCopy, );
				Flutter/nfc_manager.xcframework = (CodeSignOnCopy, RemoveHeadersOnCopy, );
				Flutter/package_info_plus.xcframework = (CodeSignOnCopy, RemoveHeadersOnCopy, );
				Flutter/path_provider_foundation.xcframework = (CodeSignOnCopy, RemoveHeadersOnCopy, );
				Flutter/share_plus.xcframework = (CodeSignOnCopy, RemoveHeadersOnCopy, );
				Flutter/shared_preferences_foundation.xcframework = (CodeSignOnCopy, RemoveHeadersOnCopy, );
				Flutter/smart_auth.xcframework = (CodeSignOnCopy, RemoveHeadersOnCopy, );
				Flutter/webview_flutter_wkwebview.xcframework = (CodeSignOnCopy, RemoveHeadersOnCopy, );
			};
			buildPhase = C54BF1EC2D78FDFD002D6192 /* Embed Frameworks */;
			membershipExceptions = (
				Flutter/App.xcframework,
				Flutter/FBLPromises.xcframework,
				Flutter/firebase_core.xcframework,
				Flutter/firebase_crashlytics.xcframework,
				Flutter/FirebaseCore.xcframework,
				Flutter/FirebaseCoreExtension.xcframework,
				Flutter/FirebaseCoreInternal.xcframework,
				Flutter/FirebaseCrashlytics.xcframework,
				Flutter/FirebaseInstallations.xcframework,
				Flutter/FirebaseRemoteConfigInterop.xcframework,
				Flutter/FirebaseSessions.xcframework,
				Flutter/Flutter.xcframework,
				Flutter/FlutterPluginRegistrant.xcframework,
				Flutter/GoogleDataTransport.xcframework,
				Flutter/GoogleUtilities.xcframework,
				Flutter/nanopb.xcframework,
				Flutter/nfc_manager.xcframework,
				Flutter/package_info_plus.xcframework,
				Flutter/path_provider_foundation.xcframework,
				Flutter/Promises.xcframework,
				Flutter/share_plus.xcframework,
				Flutter/shared_preferences_foundation.xcframework,
				Flutter/smart_auth.xcframework,
				Flutter/webview_flutter_wkwebview.xcframework,
			);
		};
/* End PBXFileSystemSynchronizedGroupBuildPhaseMembershipExceptionSet section */

/* Begin PBXFileSystemSynchronizedRootGroup section */
		F12791412D57A71A0073F075 /* amwalsdk */ = {
			isa = PBXFileSystemSynchronizedRootGroup;
			exceptions = (
				C54BF1ED2D78FDFD002D6192 /* Exceptions for "amwalsdk" folder in "Embed Frameworks" phase from "amwalsdk" target */,
			);
			path = amwalsdk;
			sourceTree = "<group>";
		};
		F12CE4DD2D555FAF00B5425E /* AnwalPaySDKNativeiOSExample */ = {
			isa = PBXFileSystemSynchronizedRootGroup;
			path = AnwalPaySDKNativeiOSExample;
			sourceTree = "<group>";
		};
/* End PBXFileSystemSynchronizedRootGroup section */

/* Begin PBXFrameworksBuildPhase section */
		F127913D2D57A71A0073F075 /* Frameworks */ = {
			isa = PBXFrameworksBuildPhase;
			buildActionMask = 2147483647;
			files = (
			);
			runOnlyForDeploymentPostprocessing = 0;
		};
		F12CE4D82D555FAF00B5425E /* Frameworks */ = {
			isa = PBXFrameworksBuildPhase;
			buildActionMask = 2147483647;
			files = (
				F12791482D57A71A0073F075 /* amwalsdk.framework in Frameworks */,
				CF8709E31E9797D3ED715DD5 /* Pods_AnwalPaySDKNativeiOSExample.framework in Frameworks */,
			);
			runOnlyForDeploymentPostprocessing = 0;
		};
/* End PBXFrameworksBuildPhase section */

/* Begin PBXGroup section */
		578CE74885668C6C51DD6982 /* Pods */ = {
			isa = PBXGroup;
			children = (
				664444FDCDE4391D5A4C72E5 /* Pods-AnwalPaySDKNativeiOSExample.debug.xcconfig */,
				8175CB7A4089411CA20B2514 /* Pods-AnwalPaySDKNativeiOSExample.release.xcconfig */,
			);
			path = Pods;
			sourceTree = "<group>";
		};
		F12CE4D22D555FAF00B5425E = {
			isa = PBXGroup;
			children = (
				F12CE4DD2D555FAF00B5425E /* AnwalPaySDKNativeiOSExample */,
				F12791412D57A71A0073F075 /* amwalsdk */,
				F12CE4DC2D555FAF00B5425E /* Products */,
				578CE74885668C6C51DD6982 /* Pods */,
				F1578A1778BE501AE7B5B329 /* Frameworks */,
			);
			sourceTree = "<group>";
		};
		F12CE4DC2D555FAF00B5425E /* Products */ = {
			isa = PBXGroup;
			children = (
				F12CE4DB2D555FAF00B5425E /* AnwalPaySDKNativeiOSExample.app */,
				F12791402D57A71A0073F075 /* amwalsdk.framework */,
			);
			name = Products;
			sourceTree = "<group>";
		};
		F1578A1778BE501AE7B5B329 /* Frameworks */ = {
			isa = PBXGroup;
			children = (
				0BFA14B85D00D9B26BE46299 /* Pods_AnwalPaySDKNativeiOSExample.framework */,
			);
			name = Frameworks;
			sourceTree = "<group>";
		};
/* End PBXGroup section */

/* Begin PBXHeadersBuildPhase section */
		F127913B2D57A71A0073F075 /* Headers */ = {
			isa = PBXHeadersBuildPhase;
			buildActionMask = 2147483647;
			files = (
			);
			runOnlyForDeploymentPostprocessing = 0;
		};
/* End PBXHeadersBuildPhase section */

/* Begin PBXNativeTarget section */
		F127913F2D57A71A0073F075 /* amwalsdk */ = {
			isa = PBXNativeTarget;
			buildConfigurationList = F127914B2D57A71A0073F075 /* Build configuration list for PBXNativeTarget "amwalsdk" */;
			buildPhases = (
				F127913B2D57A71A0073F075 /* Headers */,
				F127913C2D57A71A0073F075 /* Sources */,
				F127913D2D57A71A0073F075 /* Frameworks */,
				F127913E2D57A71A0073F075 /* Resources */,
				C54BF1EC2D78FDFD002D6192 /* Embed Frameworks */,
			);
			buildRules = (
			);
			dependencies = (
			);
			fileSystemSynchronizedGroups = (
				F12791412D57A71A0073F075 /* amwalsdk */,
			);
			name = amwalsdk;
			productName = amwalsdk;
			productReference = F12791402D57A71A0073F075 /* amwalsdk.framework */;
			productType = "com.apple.product-type.framework";
		};
		F12CE4DA2D555FAF00B5425E /* AnwalPaySDKNativeiOSExample */ = {
			isa = PBXNativeTarget;
			buildConfigurationList = F12CE4EB2D555FB100B5425E /* Build configuration list for PBXNativeTarget "AnwalPaySDKNativeiOSExample" */;
			buildPhases = (
				F12CE4D72D555FAF00B5425E /* Sources */,
				F12CE4D82D555FAF00B5425E /* Frameworks */,
				F12CE4D92D555FAF00B5425E /* Resources */,
				F127914E2D57A71A0073F075 /* Embed Frameworks */,
			);
			buildRules = (
			);
			dependencies = (
				F12791472D57A71A0073F075 /* PBXTargetDependency */,
			);
			fileSystemSynchronizedGroups = (
				F12CE4DD2D555FAF00B5425E /* AnwalPaySDKNativeiOSExample */,
			);
			name = AnwalPaySDKNativeiOSExample;
			productName = AnwalPaySDKNativeiOSExample;
			productReference = F12CE4DB2D555FAF00B5425E /* AnwalPaySDKNativeiOSExample.app */;
			productType = "com.apple.product-type.application";
		};
/* End PBXNativeTarget section */

/* Begin PBXProject section */
		F12CE4D32D555FAF00B5425E /* Project object */ = {
			isa = PBXProject;
			attributes = {
				BuildIndependentTargetsInParallel = 1;
				LastSwiftUpdateCheck = 1620;
				LastUpgradeCheck = 1620;
				TargetAttributes = {
					F127913F2D57A71A0073F075 = {
						CreatedOnToolsVersion = 16.2;
					};
					F12CE4DA2D555FAF00B5425E = {
						CreatedOnToolsVersion = 16.2;
					};
				};
			};
			buildConfigurationList = F12CE4D62D555FAF00B5425E /* Build configuration list for PBXProject "AnwalPaySDKNativeiOSExample" */;
			developmentRegion = en;
			hasScannedForEncodings = 0;
			knownRegions = (
				en,
				Base,
			);
			mainGroup = F12CE4D22D555FAF00B5425E;
			minimizedProjectReferenceProxies = 1;
			preferredProjectObjectVersion = 77;
			productRefGroup = F12CE4DC2D555FAF00B5425E /* Products */;
			projectDirPath = "";
			projectRoot = "";
			targets = (
				F12CE4DA2D555FAF00B5425E /* AnwalPaySDKNativeiOSExample */,
				F127913F2D57A71A0073F075 /* amwalsdk */,
			);
		};
/* End PBXProject section */

/* Begin PBXResourcesBuildPhase section */
		F127913E2D57A71A0073F075 /* Resources */ = {
			isa = PBXResourcesBuildPhase;
			buildActionMask = 2147483647;
			files = (
			);
			runOnlyForDeploymentPostprocessing = 0;
		};
		F12CE4D92D555FAF00B5425E /* Resources */ = {
			isa = PBXResourcesBuildPhase;
			buildActionMask = 2147483647;
			files = (
			);
			runOnlyForDeploymentPostprocessing = 0;
		};
/* End PBXResourcesBuildPhase section */

/* Begin PBXSourcesBuildPhase section */
		F127913C2D57A71A0073F075 /* Sources */ = {
			isa = PBXSourcesBuildPhase;
			buildActionMask = 2147483647;
			files = (
			);
			runOnlyForDeploymentPostprocessing = 0;
		};
		F12CE4D72D555FAF00B5425E /* Sources */ = {
			isa = PBXSourcesBuildPhase;
			buildActionMask = 2147483647;
			files = (
			);
			runOnlyForDeploymentPostprocessing = 0;
		};
/* End PBXSourcesBuildPhase section */

/* Begin PBXTargetDependency section */
		F12791472D57A71A0073F075 /* PBXTargetDependency */ = {
			isa = PBXTargetDependency;
			target = F127913F2D57A71A0073F075 /* amwalsdk */;
			targetProxy = F12791462D57A71A0073F075 /* PBXContainerItemProxy */;
		};
/* End PBXTargetDependency section */

/* Begin XCBuildConfiguration section */
		F127914C2D57A71A0073F075 /* Debug */ = {
			isa = XCBuildConfiguration;
			buildSettings = {
				BUILD_LIBRARY_FOR_DISTRIBUTION = YES;
				CODE_SIGN_STYLE = Automatic;
				CURRENT_PROJECT_VERSION = 1;
				DEFINES_MODULE = YES;
				DEVELOPMENT_ASSET_PATHS = "amwalsdk/AmwalSDK.swift amwalsdk/Config.swift";
				DYLIB_COMPATIBILITY_VERSION = 1;
				DYLIB_CURRENT_VERSION = 1;
				DYLIB_INSTALL_NAME_BASE = "@rpath";
				ENABLE_MODULE_VERIFIER = YES;
				GENERATE_INFOPLIST_FILE = YES;
				INFOPLIST_KEY_NSHumanReadableCopyright = "";
				INSTALL_PATH = "$(LOCAL_LIBRARY_DIR)/Frameworks";
				LD_RUNPATH_SEARCH_PATHS = (
					"$(inherited)",
					"@executable_path/Frameworks",
					"@loader_path/Frameworks",
				);
				MARKETING_VERSION = 1.0;
				MODULE_VERIFIER_SUPPORTED_LANGUAGES = "objective-c objective-c++";
				MODULE_VERIFIER_SUPPORTED_LANGUAGE_STANDARDS = "gnu17 gnu++20";
				PRODUCT_BUNDLE_IDENTIFIER = com.anwalpay.sdk;
				PRODUCT_NAME = "$(TARGET_NAME:c99extidentifier)";
				SKIP_INSTALL = YES;
				SWIFT_EMIT_LOC_STRINGS = YES;
				SWIFT_INSTALL_OBJC_HEADER = NO;
				SWIFT_VERSION = 5.0;
				TARGETED_DEVICE_FAMILY = "1,2";
				VERSIONING_SYSTEM = "apple-generic";
				VERSION_INFO_PREFIX = "";
			};
			name = Debug;
		};
		F127914D2D57A71A0073F075 /* Release */ = {
			isa = XCBuildConfiguration;
			buildSettings = {
				BUILD_LIBRARY_FOR_DISTRIBUTION = YES;
				CODE_SIGN_STYLE = Automatic;
				CURRENT_PROJECT_VERSION = 1;
				DEFINES_MODULE = YES;
				DEVELOPMENT_ASSET_PATHS = "amwalsdk/AmwalSDK.swift amwalsdk/Config.swift";
				DYLIB_COMPATIBILITY_VERSION = 1;
				DYLIB_CURRENT_VERSION = 1;
				DYLIB_INSTALL_NAME_BASE = "@rpath";
				ENABLE_MODULE_VERIFIER = YES;
				GENERATE_INFOPLIST_FILE = YES;
				INFOPLIST_KEY_NSHumanReadableCopyright = "";
				INSTALL_PATH = "$(LOCAL_LIBRARY_DIR)/Frameworks";
				LD_RUNPATH_SEARCH_PATHS = (
					"$(inherited)",
					"@executable_path/Frameworks",
					"@loader_path/Frameworks",
				);
				MARKETING_VERSION = 1.0;
				MODULE_VERIFIER_SUPPORTED_LANGUAGES = "objective-c objective-c++";
				MODULE_VERIFIER_SUPPORTED_LANGUAGE_STANDARDS = "gnu17 gnu++20";
				PRODUCT_BUNDLE_IDENTIFIER = com.anwalpay.sdk;
				PRODUCT_NAME = "$(TARGET_NAME:c99extidentifier)";
				SKIP_INSTALL = YES;
				SWIFT_EMIT_LOC_STRINGS = YES;
				SWIFT_INSTALL_OBJC_HEADER = NO;
				SWIFT_VERSION = 5.0;
				TARGETED_DEVICE_FAMILY = "1,2";
				VERSIONING_SYSTEM = "apple-generic";
				VERSION_INFO_PREFIX = "";
			};
			name = Release;
		};
		F12CE4E92D555FB100B5425E /* Debug */ = {
			isa = XCBuildConfiguration;
			buildSettings = {
				ALWAYS_SEARCH_USER_PATHS = NO;
				ASSETCATALOG_COMPILER_GENERATE_SWIFT_ASSET_SYMBOL_EXTENSIONS = YES;
				CLANG_ANALYZER_NONNULL = YES;
				CLANG_ANALYZER_NUMBER_OBJECT_CONVERSION = YES_AGGRESSIVE;
				CLANG_CXX_LANGUAGE_STANDARD = "gnu++20";
				CLANG_ENABLE_MODULES = YES;
				CLANG_ENABLE_OBJC_ARC = YES;
				CLANG_ENABLE_OBJC_WEAK = YES;
				CLANG_WARN_BLOCK_CAPTURE_AUTORELEASING = YES;
				CLANG_WARN_BOOL_CONVERSION = YES;
				CLANG_WARN_COMMA = YES;
				CLANG_WARN_CONSTANT_CONVERSION = YES;
				CLANG_WARN_DEPRECATED_OBJC_IMPLEMENTATIONS = YES;
				CLANG_WARN_DIRECT_OBJC_ISA_USAGE = YES_ERROR;
				CLANG_WARN_DOCUMENTATION_COMMENTS = YES;
				CLANG_WARN_EMPTY_BODY = YES;
				CLANG_WARN_ENUM_CONVERSION = YES;
				CLANG_WARN_INFINITE_RECURSION = YES;
				CLANG_WARN_INT_CONVERSION = YES;
				CLANG_WARN_NON_LITERAL_NULL_CONVERSION = YES;
				CLANG_WARN_OBJC_IMPLICIT_RETAIN_SELF = YES;
				CLANG_WARN_OBJC_LITERAL_CONVERSION = YES;
				CLANG_WARN_OBJC_ROOT_CLASS = YES_ERROR;
				CLANG_WARN_QUOTED_INCLUDE_IN_FRAMEWORK_HEADER = YES;
				CLANG_WARN_RANGE_LOOP_ANALYSIS = YES;
				CLANG_WARN_STRICT_PROTOTYPES = YES;
				CLANG_WARN_SUSPICIOUS_MOVE = YES;
				CLANG_WARN_UNGUARDED_AVAILABILITY = YES_AGGRESSIVE;
				CLANG_WARN_UNREACHABLE_CODE = YES;
				CLANG_WARN__DUPLICATE_METHOD_MATCH = YES;
				COPY_PHASE_STRIP = NO;
				DEBUG_INFORMATION_FORMAT = dwarf;
				ENABLE_STRICT_OBJC_MSGSEND = YES;
				ENABLE_TESTABILITY = YES;
				ENABLE_USER_SCRIPT_SANDBOXING = NO;
				GCC_C_LANGUAGE_STANDARD = gnu17;
				GCC_DYNAMIC_NO_PIC = NO;
				GCC_NO_COMMON_BLOCKS = YES;
				GCC_OPTIMIZATION_LEVEL = 0;
				GCC_PREPROCESSOR_DEFINITIONS = (
					"DEBUG=1",
					"$(inherited)",
				);
				GCC_WARN_64_TO_32_BIT_CONVERSION = YES;
				GCC_WARN_ABOUT_RETURN_TYPE = YES_ERROR;
				GCC_WARN_UNDECLARED_SELECTOR = YES;
				GCC_WARN_UNINITIALIZED_AUTOS = YES_AGGRESSIVE;
				GCC_WARN_UNUSED_FUNCTION = YES;
				GCC_WARN_UNUSED_VARIABLE = YES;
				IPHONEOS_DEPLOYMENT_TARGET = 18.2;
				LOCALIZATION_PREFERS_STRING_CATALOGS = YES;
				MTL_ENABLE_DEBUG_INFO = INCLUDE_SOURCE;
				MTL_FAST_MATH = YES;
				ONLY_ACTIVE_ARCH = YES;
				SDKROOT = iphoneos;
				SWIFT_ACTIVE_COMPILATION_CONDITIONS = "DEBUG $(inherited)";
				SWIFT_OPTIMIZATION_LEVEL = "-Onone";
			};
			name = Debug;
		};
		F12CE4EA2D555FB100B5425E /* Release */ = {
			isa = XCBuildConfiguration;
			buildSettings = {
				ALWAYS_SEARCH_USER_PATHS = NO;
				ASSETCATALOG_COMPILER_GENERATE_SWIFT_ASSET_SYMBOL_EXTENSIONS = YES;
				CLANG_ANALYZER_NONNULL = YES;
				CLANG_ANALYZER_NUMBER_OBJECT_CONVERSION = YES_AGGRESSIVE;
				CLANG_CXX_LANGUAGE_STANDARD = "gnu++20";
				CLANG_ENABLE_MODULES = YES;
				CLANG_ENABLE_OBJC_ARC = YES;
				CLANG_ENABLE_OBJC_WEAK = YES;
				CLANG_WARN_BLOCK_CAPTURE_AUTORELEASING = YES;
				CLANG_WARN_BOOL_CONVERSION = YES;
				CLANG_WARN_COMMA = YES;
				CLANG_WARN_CONSTANT_CONVERSION = YES;
				CLANG_WARN_DEPRECATED_OBJC_IMPLEMENTATIONS = YES;
				CLANG_WARN_DIRECT_OBJC_ISA_USAGE = YES_ERROR;
				CLANG_WARN_DOCUMENTATION_COMMENTS = YES;
				CLANG_WARN_EMPTY_BODY = YES;
				CLANG_WARN_ENUM_CONVERSION = YES;
				CLANG_WARN_INFINITE_RECURSION = YES;
				CLANG_WARN_INT_CONVERSION = YES;
				CLANG_WARN_NON_LITERAL_NULL_CONVERSION = YES;
				CLANG_WARN_OBJC_IMPLICIT_RETAIN_SELF = YES;
				CLANG_WARN_OBJC_LITERAL_CONVERSION = YES;
				CLANG_WARN_OBJC_ROOT_CLASS = YES_ERROR;
				CLANG_WARN_QUOTED_INCLUDE_IN_FRAMEWORK_HEADER = YES;
				CLANG_WARN_RANGE_LOOP_ANALYSIS = YES;
				CLANG_WARN_STRICT_PROTOTYPES = YES;
				CLANG_WARN_SUSPICIOUS_MOVE = YES;
				CLANG_WARN_UNGUARDED_AVAILABILITY = YES_AGGRESSIVE;
				CLANG_WARN_UNREACHABLE_CODE = YES;
				CLANG_WARN__DUPLICATE_METHOD_MATCH = YES;
				COPY_PHASE_STRIP = NO;
				DEBUG_INFORMATION_FORMAT = "dwarf-with-dsym";
				ENABLE_NS_ASSERTIONS = NO;
				ENABLE_STRICT_OBJC_MSGSEND = YES;
				ENABLE_USER_SCRIPT_SANDBOXING = NO;
				GCC_C_LANGUAGE_STANDARD = gnu17;
				GCC_NO_COMMON_BLOCKS = YES;
				GCC_WARN_64_TO_32_BIT_CONVERSION = YES;
				GCC_WARN_ABOUT_RETURN_TYPE = YES_ERROR;
				GCC_WARN_UNDECLARED_SELECTOR = YES;
				GCC_WARN_UNINITIALIZED_AUTOS = YES_AGGRESSIVE;
				GCC_WARN_UNUSED_FUNCTION = YES;
				GCC_WARN_UNUSED_VARIABLE = YES;
				IPHONEOS_DEPLOYMENT_TARGET = 18.2;
				LOCALIZATION_PREFERS_STRING_CATALOGS = YES;
				MTL_ENABLE_DEBUG_INFO = NO;
				MTL_FAST_MATH = YES;
				SDKROOT = iphoneos;
				SWIFT_COMPILATION_MODE = wholemodule;
				VALIDATE_PRODUCT = YES;
			};
			name = Release;
		};
		F12CE4EC2D555FB100B5425E /* Debug */ = {
			isa = XCBuildConfiguration;
			baseConfigurationReference = 664444FDCDE4391D5A4C72E5 /* Pods-AnwalPaySDKNativeiOSExample.debug.xcconfig */;
			buildSettings = {
				ASSETCATALOG_COMPILER_APPICON_NAME = AppIcon;
				ASSETCATALOG_COMPILER_GLOBAL_ACCENT_COLOR_NAME = AccentColor;
				CODE_SIGN_STYLE = Automatic;
				CURRENT_PROJECT_VERSION = 1;
				DEVELOPMENT_ASSET_PATHS = "\"AnwalPaySDKNativeiOSExample/Preview Content\"";
				DEVELOPMENT_TEAM = U7372H8TUQ;
				ENABLE_PREVIEWS = YES;
				GENERATE_INFOPLIST_FILE = YES;
				INFOPLIST_KEY_UIApplicationSceneManifest_Generation = YES;
				INFOPLIST_KEY_UIApplicationSupportsIndirectInputEvents = YES;
				INFOPLIST_KEY_UILaunchScreen_Generation = YES;
				INFOPLIST_KEY_UISupportedInterfaceOrientations_iPad = "UIInterfaceOrientationPortrait UIInterfaceOrientationPortraitUpsideDown UIInterfaceOrientationLandscapeLeft UIInterfaceOrientationLandscapeRight";
				INFOPLIST_KEY_UISupportedInterfaceOrientations_iPhone = "UIInterfaceOrientationPortrait UIInterfaceOrientationLandscapeLeft UIInterfaceOrientationLandscapeRight";
				LD_RUNPATH_SEARCH_PATHS = (
					"$(inherited)",
					"@executable_path/Frameworks",
				);
				MARKETING_VERSION = 1.0;
				PRODUCT_BUNDLE_IDENTIFIER = com.anwalpay.sdk.example;
				PRODUCT_NAME = "$(TARGET_NAME)";
				SWIFT_EMIT_LOC_STRINGS = YES;
				SWIFT_VERSION = 5.0;
				TARGETED_DEVICE_FAMILY = "1,2";
			};
			name = Debug;
		};
		F12CE4ED2D555FB100B5425E /* Release */ = {
			isa = XCBuildConfiguration;
			baseConfigurationReference = 8175CB7A4089411CA20B2514 /* Pods-AnwalPaySDKNativeiOSExample.release.xcconfig */;
			buildSettings = {
				ASSETCATALOG_COMPILER_APPICON_NAME = AppIcon;
				ASSETCATALOG_COMPILER_GLOBAL_ACCENT_COLOR_NAME = AccentColor;
				CODE_SIGN_STYLE = Automatic;
				CURRENT_PROJECT_VERSION = 1;
				DEVELOPMENT_ASSET_PATHS = "\"AnwalPaySDKNativeiOSExample/Preview Content\"";
				DEVELOPMENT_TEAM = U7372H8TUQ;
				ENABLE_PREVIEWS = YES;
				GENERATE_INFOPLIST_FILE = YES;
				INFOPLIST_KEY_UIApplicationSceneManifest_Generation = YES;
				INFOPLIST_KEY_UIApplicationSupportsIndirectInputEvents = YES;
				INFOPLIST_KEY_UILaunchScreen_Generation = YES;
				INFOPLIST_KEY_UISupportedInterfaceOrientations_iPad = "UIInterfaceOrientationPortrait UIInterfaceOrientationPortraitUpsideDown UIInterfaceOrientationLandscapeLeft UIInterfaceOrientationLandscapeRight";
				INFOPLIST_KEY_UISupportedInterfaceOrientations_iPhone = "UIInterfaceOrientationPortrait UIInterfaceOrientationLandscapeLeft UIInterfaceOrientationLandscapeRight";
				LD_RUNPATH_SEARCH_PATHS = (
					"$(inherited)",
					"@executable_path/Frameworks",
				);
				MARKETING_VERSION = 1.0;
				PRODUCT_BUNDLE_IDENTIFIER = com.anwalpay.sdk.example;
				PRODUCT_NAME = "$(TARGET_NAME)";
				SWIFT_EMIT_LOC_STRINGS = YES;
				SWIFT_VERSION = 5.0;
				TARGETED_DEVICE_FAMILY = "1,2";
			};
			name = Release;
		};
/* End XCBuildConfiguration section */

/* Begin XCConfigurationList section */
		F127914B2D57A71A0073F075 /* Build configuration list for PBXNativeTarget "amwalsdk" */ = {
			isa = XCConfigurationList;
			buildConfigurations = (
				F127914C2D57A71A0073F075 /* Debug */,
				F127914D2D57A71A0073F075 /* Release */,
			);
			defaultConfigurationIsVisible = 0;
			defaultConfigurationName = Release;
		};
		F12CE4D62D555FAF00B5425E /* Build configuration list for PBXProject "AnwalPaySDKNativeiOSExample" */ = {
			isa = XCConfigurationList;
			buildConfigurations = (
				F12CE4E92D555FB100B5425E /* Debug */,
				F12CE4EA2D555FB100B5425E /* Release */,
			);
			defaultConfigurationIsVisible = 0;
			defaultConfigurationName = Release;
		};
		F12CE4EB2D555FB100B5425E /* Build configuration list for PBXNativeTarget "AnwalPaySDKNativeiOSExample" */ = {
			isa = XCConfigurationList;
			buildConfigurations = (
				F12CE4EC2D555FB100B5425E /* Debug */,
				F12CE4ED2D555FB100B5425E /* Release */,
			);
			defaultConfigurationIsVisible = 0;
			defaultConfigurationName = Release;
		};
/* End XCConfigurationList section */
	};
	rootObject = F12CE4D32D555FAF00B5425E /* Project object */;
}
